{
  "name": "detailed-hour-2985",
  "lockfileVersion": 2,
  "requires": true,
  "packages": {
    "": {
      "dependencies": {
        "react-swiper": "^0.1.5"
      }
    },
    "node_modules/object-assign": {
      "version": "2.1.1",
      "resolved": "https://registry.npmjs.org/object-assign/-/object-assign-2.1.1.tgz",
      "integrity": "sha512-CdsOUYIh5wIiozhJ3rLQgmUTgcyzFwZZrqhkKhODMoGtPKM+wt0h0CNIoauJWMsS9822EdzPsF/6mb4nLvPN5g==",
      "engines": {
        "node": ">=0.10.0"
      }
    },
    "node_modules/react-swiper": {
      "version": "0.1.5",
      "resolved": "https://registry.npmjs.org/react-swiper/-/react-swiper-0.1.5.tgz",
      "integrity": "sha512-6ejmuzood/uh1vTvWryMUR2GeRA4XTjBDAk6i3W4qUf9+calY/TdlIAtqSFkTaHpyn6A7bI9SfFNi+pr+fZJcQ==",
      "dependencies": {
        "object-assign": "^2.0.0"
      }
    }
  },
  "dependencies": {
    "object-assign": {
      "version": "2.1.1",
      "resolved": "https://registry.npmjs.org/object-assign/-/object-assign-2.1.1.tgz",
      "integrity": "sha512-CdsOUYIh5wIiozhJ3rLQgmUTgcyzFwZZrqhkKhODMoGtPKM+wt0h0CNIoauJWMsS9822EdzPsF/6mb4nLvPN5g=="
    },
    "react-swiper": {
      "version": "0.1.5",
      "resolved": "https://registry.npmjs.org/react-swiper/-/react-swiper-0.1.5.tgz",
      "integrity": "sha512-6ejmuzood/uh1vTvWryMUR2GeRA4XTjBDAk6i3W4qUf9+calY/TdlIAtqSFkTaHpyn6A7bI9SfFNi+pr+fZJcQ==",
      "requires": {
        "object-assign": "^2.0.0"
      }
    }
  }
}
